
Microsoft Visual Studio Solution File, Format Version 12.00
# Visual Studio Version 16
VisualStudioVersion = 16.0.31005.135
MinimumVisualStudioVersion = 10.0.40219.1
Project("{FAE04EC0-301F-11D3-BF4B-00C04F79EFBC}") = "SloppyJoe", "SloppyJoe\SloppyJoe.csproj", "{0BFD9088-6B88-4287-B358-CEF5E0D4E33C}"
EndProject
Global
	GlobalSection(SolutionConfigurationPlatforms) = preSolution
		Debug|Any CPU = Debug|Any CPU
		Release|Any CPU = Release|Any CPU
	EndGlobalSection
	GlobalSection(ProjectConfigurationPlatforms) = postSolution
		{0BFD9088-6B88-4287-B358-CEF5E0D4E33C}.Debug|Any CPU.ActiveCfg = Debug|Any CPU
		{0BFD9088-6B88-4287-B358-CEF5E0D4E33C}.Debug|Any CPU.Build.0 = Debug|Any CPU
		{0BFD9088-6B88-4287-B358-CEF5E0D4E33C}.Release|Any CPU.ActiveCfg = Release|Any CPU
		{0BFD9088-6B88-4287-B358-CEF5E0D4E33C}.Release|Any CPU.Build.0 = Release|Any CPU
	EndGlobalSection
	GlobalSection(SolutionProperties) = preSolution
		HideSolutionNode = FALSE
	EndGlobalSection
	GlobalSection(ExtensibilityGlobals) = postSolution
		SolutionGuid = {92D77252-E733-4F49-91DB-7E9885D375D6}
	EndGlobalSection
EndGlobal
